
Microsoft Visual Studio Solution File, Format Version 12.00
# Visual Studio Version 17
VisualStudioVersion = 17.14.36301.6
MinimumVisualStudioVersion = 10.0.40219.1
Project("{FAE04EC0-301F-11D3-BF4B-00C04F79EFBC}") = "CurrencyAnalyzer", "CurrencyAnalyzer.csproj", "{13ABC17A-2CDC-4805-8385-C7C25861C5E2}"
EndProject
Project("{FAE04EC0-301F-11D3-BF4B-00C04F79EFBC}") = "CurrencyAnalyzer.Core", "..\CurrencyAnalyzer.Core\CurrencyAnalyzer.Core.csproj", "{5C606838-0EDA-4F16-BE25-32FCDFADE2DF}"
EndProject
Project("{FAE04EC0-301F-11D3-BF4B-00C04F79EFBC}") = "CurrencyAnalyzer.Tests", "..\CurrencyAnalyzer.Tests\CurrencyAnalyzer.Tests.csproj", "{EACCD353-DCAA-4BCB-9302-90C1CF66F8AD}"
EndProject
Global
	GlobalSection(SolutionConfigurationPlatforms) = preSolution
		Debug|Any CPU = Debug|Any CPU
		Debug|x64 = Debug|x64
		Debug|x86 = Debug|x86
		Release|Any CPU = Release|Any CPU
		Release|x64 = Release|x64
		Release|x86 = Release|x86
	EndGlobalSection
	GlobalSection(ProjectConfigurationPlatforms) = postSolution
		{13ABC17A-2CDC-4805-8385-C7C25861C5E2}.Debug|Any CPU.ActiveCfg = Debug|Any CPU
		{13ABC17A-2CDC-4805-8385-C7C25861C5E2}.Debug|Any CPU.Build.0 = Debug|Any CPU
		{13ABC17A-2CDC-4805-8385-C7C25861C5E2}.Debug|x64.ActiveCfg = Debug|Any CPU
		{13ABC17A-2CDC-4805-8385-C7C25861C5E2}.Debug|x64.Build.0 = Debug|Any CPU
		{13ABC17A-2CDC-4805-8385-C7C25861C5E2}.Debug|x86.ActiveCfg = Debug|Any CPU
		{13ABC17A-2CDC-4805-8385-C7C25861C5E2}.Debug|x86.Build.0 = Debug|Any CPU
		{13ABC17A-2CDC-4805-8385-C7C25861C5E2}.Release|Any CPU.ActiveCfg = Release|Any CPU
		{13ABC17A-2CDC-4805-8385-C7C25861C5E2}.Release|Any CPU.Build.0 = Release|Any CPU
		{13ABC17A-2CDC-4805-8385-C7C25861C5E2}.Release|x64.ActiveCfg = Release|Any CPU
		{13ABC17A-2CDC-4805-8385-C7C25861C5E2}.Release|x64.Build.0 = Release|Any CPU
		{13ABC17A-2CDC-4805-8385-C7C25861C5E2}.Release|x86.ActiveCfg = Release|Any CPU
		{13ABC17A-2CDC-4805-8385-C7C25861C5E2}.Release|x86.Build.0 = Release|Any CPU
		{5C606838-0EDA-4F16-BE25-32FCDFADE2DF}.Debug|Any CPU.ActiveCfg = Debug|Any CPU
		{5C606838-0EDA-4F16-BE25-32FCDFADE2DF}.Debug|Any CPU.Build.0 = Debug|Any CPU
		{5C606838-0EDA-4F16-BE25-32FCDFADE2DF}.Debug|x64.ActiveCfg = Debug|Any CPU
		{5C606838-0EDA-4F16-BE25-32FCDFADE2DF}.Debug|x64.Build.0 = Debug|Any CPU
		{5C606838-0EDA-4F16-BE25-32FCDFADE2DF}.Debug|x86.ActiveCfg = Debug|Any CPU
		{5C606838-0EDA-4F16-BE25-32FCDFADE2DF}.Debug|x86.Build.0 = Debug|Any CPU
		{5C606838-0EDA-4F16-BE25-32FCDFADE2DF}.Release|Any CPU.ActiveCfg = Release|Any CPU
		{5C606838-0EDA-4F16-BE25-32FCDFADE2DF}.Release|Any CPU.Build.0 = Release|Any CPU
		{5C606838-0EDA-4F16-BE25-32FCDFADE2DF}.Release|x64.ActiveCfg = Release|Any CPU
		{5C606838-0EDA-4F16-BE25-32FCDFADE2DF}.Release|x64.Build.0 = Release|Any CPU
		{5C606838-0EDA-4F16-BE25-32FCDFADE2DF}.Release|x86.ActiveCfg = Release|Any CPU
		{5C606838-0EDA-4F16-BE25-32FCDFADE2DF}.Release|x86.Build.0 = Release|Any CPU
		{EACCD353-DCAA-4BCB-9302-90C1CF66F8AD}.Debug|Any CPU.ActiveCfg = Debug|Any CPU
		{EACCD353-DCAA-4BCB-9302-90C1CF66F8AD}.Debug|Any CPU.Build.0 = Debug|Any CPU
		{EACCD353-DCAA-4BCB-9302-90C1CF66F8AD}.Debug|x64.ActiveCfg = Debug|Any CPU
		{EACCD353-DCAA-4BCB-9302-90C1CF66F8AD}.Debug|x64.Build.0 = Debug|Any CPU
		{EACCD353-DCAA-4BCB-9302-90C1CF66F8AD}.Debug|x86.ActiveCfg = Debug|Any CPU
		{EACCD353-DCAA-4BCB-9302-90C1CF66F8AD}.Debug|x86.Build.0 = Debug|Any CPU
		{EACCD353-DCAA-4BCB-9302-90C1CF66F8AD}.Release|Any CPU.ActiveCfg = Release|Any CPU
		{EACCD353-DCAA-4BCB-9302-90C1CF66F8AD}.Release|Any CPU.Build.0 = Release|Any CPU
		{EACCD353-DCAA-4BCB-9302-90C1CF66F8AD}.Release|x64.ActiveCfg = Release|Any CPU
		{EACCD353-DCAA-4BCB-9302-90C1CF66F8AD}.Release|x64.Build.0 = Release|Any CPU
		{EACCD353-DCAA-4BCB-9302-90C1CF66F8AD}.Release|x86.ActiveCfg = Release|Any CPU
		{EACCD353-DCAA-4BCB-9302-90C1CF66F8AD}.Release|x86.Build.0 = Release|Any CPU
	EndGlobalSection
	GlobalSection(SolutionProperties) = preSolution
		HideSolutionNode = FALSE
	EndGlobalSection
	GlobalSection(ExtensibilityGlobals) = postSolution
		SolutionGuid = {EB9C3F84-4940-429E-A5FA-1BD4D4BFB323}
	EndGlobalSection
EndGlobal
