
Microsoft Visual Studio Solution File, Format Version 12.00
# Visual Studio Version 17
VisualStudioVersion = 17.14.36301.6 d17.14
MinimumVisualStudioVersion = 10.0.40219.1
Project("{FAE04EC0-301F-11D3-BF4B-00C04F79EFBC}") = "CurrencyAnalyzer", "CurrencyAnalyzer.csproj", "{13ABC17A-2CDC-4805-8385-C7C25861C5E2}"
EndProject
Project("{FAE04EC0-301F-11D3-BF4B-00C04F79EFBC}") = "CurrencyAnalyzer.Core", "CurrencyAnalyzer.Core\CurrencyAnalyzer.Core.csproj", "{48C9A4D3-BD86-4BE8-92DB-F7E326718C4B}"
EndProject
Project("{FAE04EC0-301F-11D3-BF4B-00C04F79EFBC}") = "CurrencyAnalyzer.Tests", "CurrencyAnalyzer.Tests\CurrencyAnalyzer.Tests.csproj", "{B83A0EC8-2B52-4ABC-8797-FF5C2F2A6C98}"
EndProject
Global
	GlobalSection(SolutionConfigurationPlatforms) = preSolution
		Debug|Any CPU = Debug|Any CPU
		Release|Any CPU = Release|Any CPU
	EndGlobalSection
	GlobalSection(ProjectConfigurationPlatforms) = postSolution
		{13ABC17A-2CDC-4805-8385-C7C25861C5E2}.Debug|Any CPU.ActiveCfg = Debug|Any CPU
		{13ABC17A-2CDC-4805-8385-C7C25861C5E2}.Debug|Any CPU.Build.0 = Debug|Any CPU
		{13ABC17A-2CDC-4805-8385-C7C25861C5E2}.Release|Any CPU.ActiveCfg = Release|Any CPU
		{13ABC17A-2CDC-4805-8385-C7C25861C5E2}.Release|Any CPU.Build.0 = Release|Any CPU
		{48C9A4D3-BD86-4BE8-92DB-F7E326718C4B}.Debug|Any CPU.ActiveCfg = Debug|Any CPU
		{48C9A4D3-BD86-4BE8-92DB-F7E326718C4B}.Debug|Any CPU.Build.0 = Debug|Any CPU
		{48C9A4D3-BD86-4BE8-92DB-F7E326718C4B}.Release|Any CPU.ActiveCfg = Release|Any CPU
		{48C9A4D3-BD86-4BE8-92DB-F7E326718C4B}.Release|Any CPU.Build.0 = Release|Any CPU
		{B83A0EC8-2B52-4ABC-8797-FF5C2F2A6C98}.Debug|Any CPU.ActiveCfg = Debug|Any CPU
		{B83A0EC8-2B52-4ABC-8797-FF5C2F2A6C98}.Debug|Any CPU.Build.0 = Debug|Any CPU
		{B83A0EC8-2B52-4ABC-8797-FF5C2F2A6C98}.Release|Any CPU.ActiveCfg = Release|Any CPU
		{B83A0EC8-2B52-4ABC-8797-FF5C2F2A6C98}.Release|Any CPU.Build.0 = Release|Any CPU
	EndGlobalSection
	GlobalSection(SolutionProperties) = preSolution
		HideSolutionNode = FALSE
	EndGlobalSection
	GlobalSection(ExtensibilityGlobals) = postSolution
		SolutionGuid = {EB9C3F84-4940-429E-A5FA-1BD4D4BFB323}
	EndGlobalSection
EndGlobal
